
Microsoft Visual Studio Solution File, Format Version 10.00
# Visual Studio 2008
Project("{8BC9CEB8-8B4A-11D0-8D11-00A0C91BC942}") = "DailyCplusWork", "DailyCplusWork\DailyCplusWork.vcproj", "{E26B0E8B-2824-46A6-8FE9-3660A904A693}"
EndProject
Global
	GlobalSection(SolutionConfigurationPlatforms) = preSolution
		Debug|Win32 = Debug|Win32
		Release|Win32 = Release|Win32
	EndGlobalSection
	GlobalSection(ProjectConfigurationPlatforms) = postSolution
		{E26B0E8B-2824-46A6-8FE9-3660A904A693}.Debug|Win32.ActiveCfg = Debug|Win32
		{E26B0E8B-2824-46A6-8FE9-3660A904A693}.Debug|Win32.Build.0 = Debug|Win32
		{E26B0E8B-2824-46A6-8FE9-3660A904A693}.Release|Win32.ActiveCfg = Release|Win32
		{E26B0E8B-2824-46A6-8FE9-3660A904A693}.Release|Win32.Build.0 = Release|Win32
	EndGlobalSection
	GlobalSection(SolutionProperties) = preSolution
		HideSolutionNode = FALSE
	EndGlobalSection
EndGlobal
